{
  "requires": true,
  "lockfileVersion": 1,
  "dependencies": {
    "sweetalert2": {
      "version": "7.28.9",
      "resolved": "https://registry.npmjs.org/sweetalert2/-/sweetalert2-7.28.9.tgz",
      "integrity": "sha512-LYm/JeKL7Z55/q5F3hf9fUs6viB4PbSw2acBK1I4UZ3cQszDEYzW1FFrX28BoF3yMjPQPdZqq8lU+6/xibYuXg=="
    }
  }
}
